
Microsoft Visual Studio Solution File, Format Version 12.00
# Visual Studio Version 17
VisualStudioVersion = 17.7.34031.279
MinimumVisualStudioVersion = 10.0.40219.1
Project("{8BC9CEB8-8B4A-11D0-8D11-00A0C91BC942}") = "TDGAME", "TDGAME.vcxproj", "{1BEECA15-493C-46C4-AA92-9BF0C9C5A5A9}"
EndProject
Global
	GlobalSection(SolutionConfigurationPlatforms) = preSolution
		Debug|x64 = Debug|x64
		Release|x64 = Release|x64
	EndGlobalSection
	GlobalSection(ProjectConfigurationPlatforms) = postSolution
		{1BEECA15-493C-46C4-AA92-9BF0C9C5A5A9}.Debug|x64.ActiveCfg = Debug|x64
		{1BEECA15-493C-46C4-AA92-9BF0C9C5A5A9}.Debug|x64.Build.0 = Debug|x64
		{1BEECA15-493C-46C4-AA92-9BF0C9C5A5A9}.Release|x64.ActiveCfg = Release|x64
		{1BEECA15-493C-46C4-AA92-9BF0C9C5A5A9}.Release|x64.Build.0 = Release|x64
	EndGlobalSection
	GlobalSection(SolutionProperties) = preSolution
		HideSolutionNode = FALSE
	EndGlobalSection
	GlobalSection(ExtensibilityGlobals) = postSolution
		SolutionGuid = {FBB7049A-5A8A-4FB4-BCD3-EE031D8B7774}
	EndGlobalSection
EndGlobal
